
Microsoft Visual Studio Solution File, Format Version 12.00
# Visual Studio 2012
Project("{FAE04EC0-301F-11D3-BF4B-00C04F79EFBC}") = "Aga.Controls", "Aga.Controls\Aga.Controls.csproj", "{D17CD489-1B14-47EB-8C22-C189D078AEC9}"
EndProject
Project("{FAE04EC0-301F-11D3-BF4B-00C04F79EFBC}") = "TestApp", "TestApp\TestApp.csproj", "{A8726D90-4BCC-43D4-85FF-EE93DB182F6D}"
EndProject
Project("{FAE04EC0-301F-11D3-BF4B-00C04F79EFBC}") = "UnitTests", "UnitTests\UnitTests.csproj", "{3D4A0933-A927-4AAC-BA50-41DD2C92A877}"
EndProject
Global
	GlobalSection(SolutionConfigurationPlatforms) = preSolution
		Debug|Any CPU = Debug|Any CPU
		Release|Any CPU = Release|Any CPU
	EndGlobalSection
	GlobalSection(ProjectConfigurationPlatforms) = postSolution
		{D17CD489-1B14-47EB-8C22-C189D078AEC9}.Debug|Any CPU.ActiveCfg = Debug|Any CPU
		{D17CD489-1B14-47EB-8C22-C189D078AEC9}.Debug|Any CPU.Build.0 = Debug|Any CPU
		{D17CD489-1B14-47EB-8C22-C189D078AEC9}.Release|Any CPU.ActiveCfg = Release|Any CPU
		{D17CD489-1B14-47EB-8C22-C189D078AEC9}.Release|Any CPU.Build.0 = Release|Any CPU
		{A8726D90-4BCC-43D4-85FF-EE93DB182F6D}.Debug|Any CPU.ActiveCfg = Debug|Any CPU
		{A8726D90-4BCC-43D4-85FF-EE93DB182F6D}.Debug|Any CPU.Build.0 = Debug|Any CPU
		{A8726D90-4BCC-43D4-85FF-EE93DB182F6D}.Release|Any CPU.ActiveCfg = Release|Any CPU
		{A8726D90-4BCC-43D4-85FF-EE93DB182F6D}.Release|Any CPU.Build.0 = Release|Any CPU
		{3D4A0933-A927-4AAC-BA50-41DD2C92A877}.Debug|Any CPU.ActiveCfg = Debug|Any CPU
		{3D4A0933-A927-4AAC-BA50-41DD2C92A877}.Debug|Any CPU.Build.0 = Debug|Any CPU
		{3D4A0933-A927-4AAC-BA50-41DD2C92A877}.Release|Any CPU.ActiveCfg = Release|Any CPU
		{3D4A0933-A927-4AAC-BA50-41DD2C92A877}.Release|Any CPU.Build.0 = Release|Any CPU
	EndGlobalSection
	GlobalSection(SolutionProperties) = preSolution
		HideSolutionNode = FALSE
	EndGlobalSection
EndGlobal
